
Microsoft Visual Studio Solution File, Format Version 12.00
# Visual Studio 15
VisualStudioVersion = 15.0.27703.2026
MinimumVisualStudioVersion = 10.0.40219.1
Project("{FAE04EC0-301F-11D3-BF4B-00C04F79EFBC}") = "CustomDev.Runtime", "CustomDev.Runtime\CustomDev.Runtime.csproj", "{218248C5-DD66-4878-9384-AE764A44440F}"
EndProject
Global
	GlobalSection(SolutionConfigurationPlatforms) = preSolution
		Debug|Any CPU = Debug|Any CPU
		Release|Any CPU = Release|Any CPU
	EndGlobalSection
	GlobalSection(ProjectConfigurationPlatforms) = postSolution
		{218248C5-DD66-4878-9384-AE764A44440F}.Debug|Any CPU.ActiveCfg = Debug|Any CPU
		{218248C5-DD66-4878-9384-AE764A44440F}.Debug|Any CPU.Build.0 = Debug|Any CPU
		{218248C5-DD66-4878-9384-AE764A44440F}.Release|Any CPU.ActiveCfg = Release|Any CPU
		{218248C5-DD66-4878-9384-AE764A44440F}.Release|Any CPU.Build.0 = Release|Any CPU
	EndGlobalSection
	GlobalSection(SolutionProperties) = preSolution
		HideSolutionNode = FALSE
	EndGlobalSection
	GlobalSection(ExtensibilityGlobals) = postSolution
		SolutionGuid = {933A8118-ACF2-491A-B38A-52828A4A981E}
	EndGlobalSection
EndGlobal
